PODS:
  - ConsentViewController (2.2.2):
    - ReachabilitySwift (= 4.3.0)
  - ReachabilitySwift (4.3.0)

DEPENDENCIES:
  - ConsentViewController (= 2.2.2)

SPEC REPOS:
  https://github.com/cocoapods/specs.git:
    - ConsentViewController
    - ReachabilitySwift

SPEC CHECKSUMS:
  ConsentViewController: 6a5bd1b6668e1119d70cfe40a82582e35e6c4591
  ReachabilitySwift: 408477d1b6ed9779dba301953171e017c31241f3

PODFILE CHECKSUM: e56587c16d285d73ab3136fc17d0deeaf7c0114b

COCOAPODS: 1.7.0.beta.3
